
Microsoft Visual Studio Solution File, Format Version 12.00
# Visual Studio Version 17
VisualStudioVersion = 17.7.34009.444
MinimumVisualStudioVersion = 10.0.40219.1
Project("{FAE04EC0-301F-11D3-BF4B-00C04F79EFBC}") = "AGROCONNECT", "AGROCONNECT.csproj", "{4050D6DD-21FC-44A1-BC1D-EE7489110002}"
EndProject
Global
	GlobalSection(SolutionConfigurationPlatforms) = preSolution
		Debug|Any CPU = Debug|Any CPU
		Release|Any CPU = Release|Any CPU
	EndGlobalSection
	GlobalSection(ProjectConfigurationPlatforms) = postSolution
		{4050D6DD-21FC-44A1-BC1D-EE7489110002}.Debug|Any CPU.ActiveCfg = Debug|Any CPU
		{4050D6DD-21FC-44A1-BC1D-EE7489110002}.Debug|Any CPU.Build.0 = Debug|Any CPU
		{4050D6DD-21FC-44A1-BC1D-EE7489110002}.Release|Any CPU.ActiveCfg = Release|Any CPU
		{4050D6DD-21FC-44A1-BC1D-EE7489110002}.Release|Any CPU.Build.0 = Release|Any CPU
	EndGlobalSection
	GlobalSection(SolutionProperties) = preSolution
		HideSolutionNode = FALSE
	EndGlobalSection
	GlobalSection(ExtensibilityGlobals) = postSolution
		SolutionGuid = {4F8DF498-A5A5-403F-B7EB-C5A7C6C297E1}
	EndGlobalSection
EndGlobal
